
Microsoft Visual Studio Solution File, Format Version 11.00
# Visual Studio 2010
Project("{FAE04EC0-301F-11D3-BF4B-00C04F79EFBC}") = "OleViewDotNet", "OleViewDotNet\OleViewDotNet.csproj", "{81F5C6AA-AC60-4F6E-9467-426997BB9D80}"
EndProject
Project("{8BC9CEB8-8B4A-11D0-8D11-00A0C91BC942}") = "EnumerateInterfaces", "EnumerateInterfaces\EnumerateInterfaces.vcxproj", "{39EA6147-9029-444E-AF23-9C841D3DEB9E}"
EndProject
Global
	GlobalSection(SolutionConfigurationPlatforms) = preSolution
		Debug|x64 = Debug|x64
		Debug|x86 = Debug|x86
		Release|x64 = Release|x64
		Release|x86 = Release|x86
	EndGlobalSection
	GlobalSection(ProjectConfigurationPlatforms) = postSolution
		{81F5C6AA-AC60-4F6E-9467-426997BB9D80}.Debug|x64.ActiveCfg = Debug|x64
		{81F5C6AA-AC60-4F6E-9467-426997BB9D80}.Debug|x64.Build.0 = Debug|x64
		{81F5C6AA-AC60-4F6E-9467-426997BB9D80}.Debug|x86.ActiveCfg = Debug|x86
		{81F5C6AA-AC60-4F6E-9467-426997BB9D80}.Debug|x86.Build.0 = Debug|x86
		{81F5C6AA-AC60-4F6E-9467-426997BB9D80}.Release|x64.ActiveCfg = Release|x64
		{81F5C6AA-AC60-4F6E-9467-426997BB9D80}.Release|x64.Build.0 = Release|x64
		{81F5C6AA-AC60-4F6E-9467-426997BB9D80}.Release|x86.ActiveCfg = Release|x86
		{81F5C6AA-AC60-4F6E-9467-426997BB9D80}.Release|x86.Build.0 = Release|x86
		{39EA6147-9029-444E-AF23-9C841D3DEB9E}.Debug|x64.ActiveCfg = Debug|x64
		{39EA6147-9029-444E-AF23-9C841D3DEB9E}.Debug|x64.Build.0 = Debug|x64
		{39EA6147-9029-444E-AF23-9C841D3DEB9E}.Debug|x86.ActiveCfg = Debug|Win32
		{39EA6147-9029-444E-AF23-9C841D3DEB9E}.Debug|x86.Build.0 = Debug|Win32
		{39EA6147-9029-444E-AF23-9C841D3DEB9E}.Release|x64.ActiveCfg = Release|x64
		{39EA6147-9029-444E-AF23-9C841D3DEB9E}.Release|x64.Build.0 = Release|x64
		{39EA6147-9029-444E-AF23-9C841D3DEB9E}.Release|x86.ActiveCfg = Release|Win32
		{39EA6147-9029-444E-AF23-9C841D3DEB9E}.Release|x86.Build.0 = Release|Win32
	EndGlobalSection
	GlobalSection(SolutionProperties) = preSolution
		HideSolutionNode = FALSE
	EndGlobalSection
EndGlobal
